// !$*UTF8*$!
{
	archiveVersion = 1;
	classes = {
	};
	objectVersion = 56;
	objects = {

/* Begin PBXBuildFile section */
		8312643229FEF980001C4B53 /* Photocard_CollectApp.swift in Sources */ = {isa = PBXBuildFile; fileRef = 8312643129FEF980001C4B53 /* Photocard_CollectApp.swift */; };
		8312643429FEF980001C4B53 /* ContentView.swift in Sources */ = {isa = PBXBuildFile; fileRef = 8312643329FEF980001C4B53 /* ContentView.swift */; };
		8312643629FEF982001C4B53 /* Assets.xcassets in Resources */ = {isa = PBXBuildFile; fileRef = 8312643529FEF982001C4B53 /* Assets.xcassets */; };
		8312643929FEF982001C4B53 /* Preview Assets.xcassets in Resources */ = {isa = PBXBuildFile; fileRef = 8312643829FEF982001C4B53 /* Preview Assets.xcassets */; };
		8312644D29FEF983001C4B53 /* Photocard_CollectUITests.swift in Sources */ = {isa = PBXBuildFile; fileRef = 8312644C29FEF983001C4B53 /* Photocard_CollectUITests.swift */; };
		8312644F29FEF983001C4B53 /* Photocard_CollectUITestsLaunchTests.swift in Sources */ = {isa = PBXBuildFile; fileRef = 8312644E29FEF983001C4B53 /* Photocard_CollectUITestsLaunchTests.swift */; };
		8312645C29FEF995001C4B53 /* Photocard.swift in Sources */ = {isa = PBXBuildFile; fileRef = 8312645B29FEF995001C4B53 /* Photocard.swift */; };
		8312645E29FEF9C5001C4B53 /* PhotocardView.swift in Sources */ = {isa = PBXBuildFile; fileRef = 8312645D29FEF9C5001C4B53 /* PhotocardView.swift */; };
		8312646029FEF9D4001C4B53 /* FolderList.swift in Sources */ = {isa = PBXBuildFile; fileRef = 8312645F29FEF9D4001C4B53 /* FolderList.swift */; };
		8312646229FEFB5F001C4B53 /* Folder.swift in Sources */ = {isa = PBXBuildFile; fileRef = 8312646129FEFB5F001C4B53 /* Folder.swift */; };
		8312646429FEFBCA001C4B53 /* FolderView.swift in Sources */ = {isa = PBXBuildFile; fileRef = 8312646329FEFBCA001C4B53 /* FolderView.swift */; };
		8390499E2A0742B9003CD366 /* UserData.swift in Sources */ = {isa = PBXBuildFile; fileRef = 8390499D2A0742B9003CD366 /* UserData.swift */; };
		839049A42A076284003CD366 /* FolderOrderingView.swift in Sources */ = {isa = PBXBuildFile; fileRef = 839049A32A076284003CD366 /* FolderOrderingView.swift */; };
		83A14A722A19486F006AF7C4 /* AppLifecycleListener.swift in Sources */ = {isa = PBXBuildFile; fileRef = 83A14A712A19486F006AF7C4 /* AppLifecycleListener.swift */; };
		83E37C852A1AA73F00D2E046 /* Constants.swift in Sources */ = {isa = PBXBuildFile; fileRef = 83E37C842A1AA73F00D2E046 /* Constants.swift */; };
		83EAD0802A09B83100133660 /* opencv2.framework in Frameworks */ = {isa = PBXBuildFile; fileRef = 83EAD07F2A09B83100133660 /* opencv2.framework */; };
		83EAD0822A09B85C00133660 /* Accelerate.framework in Frameworks */ = {isa = PBXBuildFile; fileRef = 83EAD0812A09B85C00133660 /* Accelerate.framework */; };
		83EAD0842A09B86700133660 /* CoreMedia.framework in Frameworks */ = {isa = PBXBuildFile; fileRef = 83EAD0832A09B86700133660 /* CoreMedia.framework */; };
		83EAD0862A09B87300133660 /* CoreGraphics.framework in Frameworks */ = {isa = PBXBuildFile; fileRef = 83EAD0852A09B87300133660 /* CoreGraphics.framework */; };
		83EAD0882A09B87F00133660 /* CoreImage.framework in Frameworks */ = {isa = PBXBuildFile; fileRef = 83EAD0872A09B87F00133660 /* CoreImage.framework */; };
		83EAD08A2A09B89700133660 /* CoreFoundation.framework in Frameworks */ = {isa = PBXBuildFile; fileRef = 83EAD0892A09B89700133660 /* CoreFoundation.framework */; };
		83EAD08D2A09B8FD00133660 /* Wrapper.mm in Sources */ = {isa = PBXBuildFile; fileRef = 83EAD08C2A09B8FD00133660 /* Wrapper.mm */; };
		83EAD0912A09BF2200133660 /* Wrapper.cpp in Sources */ = {isa = PBXBuildFile; fileRef = 83EAD0902A09BF2200133660 /* Wrapper.cpp */; };
		83F1A76E2A0F1A1D00F5B4C6 /* ISOView.swift in Sources */ = {isa = PBXBuildFile; fileRef = 83F1A76D2A0F1A1C00F5B4C6 /* ISOView.swift */; };
/* End PBXBuildFile section */

/* Begin PBXContainerItemProxy section */
		8312643F29FEF982001C4B53 /* PBXContainerItemProxy */ = {
			isa = PBXContainerItemProxy;
			containerPortal = 8312642629FEF980001C4B53 /* Project object */;
			proxyType = 1;
			remoteGlobalIDString = 8312642D29FEF980001C4B53;
			remoteInfo = "Photocard Collect";
		};
		8312644929FEF983001C4B53 /* PBXContainerItemProxy */ = {
			isa = PBXContainerItemProxy;
			containerPortal = 8312642629FEF980001C4B53 /* Project object */;
			proxyType = 1;
			remoteGlobalIDString = 8312642D29FEF980001C4B53;
			remoteInfo = "Photocard Collect";
		};
/* End PBXContainerItemProxy section */

/* Begin PBXCopyFilesBuildPhase section */
		839049B32A082A32003CD366 /* Embed Frameworks */ = {
			isa = PBXCopyFilesBuildPhase;
			buildActionMask = 12;
			dstPath = "";
			dstSubfolderSpec = 10;
			files = (
			);
			name = "Embed Frameworks";
			runOnlyForDeploymentPostprocessing = 0;
		};
/* End PBXCopyFilesBuildPhase section */

/* Begin PBXFileReference section */
		8312642E29FEF980001C4B53 /* Photocard Collect.app */ = {isa = PBXFileReference; explicitFileType = wrapper.application; includeInIndex = 0; path = "Photocard Collect.app"; sourceTree = BUILT_PRODUCTS_DIR; };
		8312643129FEF980001C4B53 /* Photocard_CollectApp.swift */ = {isa = PBXFileReference; lastKnownFileType = sourcecode.swift; path = Photocard_CollectApp.swift; sourceTree = "<group>"; };
		8312643329FEF980001C4B53 /* ContentView.swift */ = {isa = PBXFileReference; lastKnownFileType = sourcecode.swift; path = ContentView.swift; sourceTree = "<group>"; };
		8312643529FEF982001C4B53 /* Assets.xcassets */ = {isa = PBXFileReference; lastKnownFileType = folder.assetcatalog; path = Assets.xcassets; sourceTree = "<group>"; };
		8312643829FEF982001C4B53 /* Preview Assets.xcassets */ = {isa = PBXFileReference; lastKnownFileType = folder.assetcatalog; path = "Preview Assets.xcassets"; sourceTree = "<group>"; };
		8312643E29FEF982001C4B53 /* Photocard CollectTests.xctest */ = {isa = PBXFileReference; explicitFileType = wrapper.cfbundle; includeInIndex = 0; path = "Photocard CollectTests.xctest"; sourceTree = BUILT_PRODUCTS_DIR; };
		8312644229FEF983001C4B53 /* Photocard_CollectTests.swift */ = {isa = PBXFileReference; lastKnownFileType = sourcecode.swift; path = Photocard_CollectTests.swift; sourceTree = "<group>"; };
		8312644829FEF983001C4B53 /* Photocard CollectUITests.xctest */ = {isa = PBXFileReference; explicitFileType = wrapper.cfbundle; includeInIndex = 0; path = "Photocard CollectUITests.xctest"; sourceTree = BUILT_PRODUCTS_DIR; };
		8312644C29FEF983001C4B53 /* Photocard_CollectUITests.swift */ = {isa = PBXFileReference; lastKnownFileType = sourcecode.swift; path = Photocard_CollectUITests.swift; sourceTree = "<group>"; };
		8312644E29FEF983001C4B53 /* Photocard_CollectUITestsLaunchTests.swift */ = {isa = PBXFileReference; lastKnownFileType = sourcecode.swift; path = Photocard_CollectUITestsLaunchTests.swift; sourceTree = "<group>"; };
		8312645B29FEF995001C4B53 /* Photocard.swift */ = {isa = PBXFileReference; lastKnownFileType = sourcecode.swift; path = Photocard.swift; sourceTree = "<group>"; };
		8312645D29FEF9C5001C4B53 /* PhotocardView.swift */ = {isa = PBXFileReference; lastKnownFileType = sourcecode.swift; path = PhotocardView.swift; sourceTree = "<group>"; };
		8312645F29FEF9D4001C4B53 /* FolderList.swift */ = {isa = PBXFileReference; lastKnownFileType = sourcecode.swift; path = FolderList.swift; sourceTree = "<group>"; };
		8312646129FEFB5F001C4B53 /* Folder.swift */ = {isa = PBXFileReference; lastKnownFileType = sourcecode.swift; path = Folder.swift; sourceTree = "<group>"; };
		8312646329FEFBCA001C4B53 /* FolderView.swift */ = {isa = PBXFileReference; lastKnownFileType = sourcecode.swift; path = FolderView.swift; sourceTree = "<group>"; };
		8390499D2A0742B9003CD366 /* UserData.swift */ = {isa = PBXFileReference; lastKnownFileType = sourcecode.swift; path = UserData.swift; sourceTree = "<group>"; };
		839049A32A076284003CD366 /* FolderOrderingView.swift */ = {isa = PBXFileReference; lastKnownFileType = sourcecode.swift; path = FolderOrderingView.swift; sourceTree = "<group>"; };
		83A14A712A19486F006AF7C4 /* AppLifecycleListener.swift */ = {isa = PBXFileReference; lastKnownFileType = sourcecode.swift; path = AppLifecycleListener.swift; sourceTree = "<group>"; };
		83E37C842A1AA73F00D2E046 /* Constants.swift */ = {isa = PBXFileReference; lastKnownFileType = sourcecode.swift; path = Constants.swift; sourceTree = "<group>"; };
		83E37C892A1ABA8B00D2E046 /* Photocard Collect.entitlements */ = {isa = PBXFileReference; lastKnownFileType = text.plist.entitlements; path = "Photocard Collect.entitlements"; sourceTree = "<group>"; };
		83EAD07F2A09B83100133660 /* opencv2.framework */ = {isa = PBXFileReference; lastKnownFileType = wrapper.framework; path = opencv2.framework; sourceTree = "<group>"; };
		83EAD0812A09B85C00133660 /* Accelerate.framework */ = {isa = PBXFileReference; lastKnownFileType = wrapper.framework; name = Accelerate.framework; path = System/Library/Frameworks/Accelerate.framework; sourceTree = SDKROOT; };
		83EAD0832A09B86700133660 /* CoreMedia.framework */ = {isa = PBXFileReference; lastKnownFileType = wrapper.framework; name = CoreMedia.framework; path = System/Library/Frameworks/CoreMedia.framework; sourceTree = SDKROOT; };
		83EAD0852A09B87300133660 /* CoreGraphics.framework */ = {isa = PBXFileReference; lastKnownFileType = wrapper.framework; name = CoreGraphics.framework; path = System/Library/Frameworks/CoreGraphics.framework; sourceTree = SDKROOT; };
		83EAD0872A09B87F00133660 /* CoreImage.framework */ = {isa = PBXFileReference; lastKnownFileType = wrapper.framework; name = CoreImage.framework; path = System/Library/Frameworks/CoreImage.framework; sourceTree = SDKROOT; };
		83EAD0892A09B89700133660 /* CoreFoundation.framework */ = {isa = PBXFileReference; lastKnownFileType = wrapper.framework; name = CoreFoundation.framework; path = System/Library/Frameworks/CoreFoundation.framework; sourceTree = SDKROOT; };
		83EAD08B2A09B8FC00133660 /* Photocard Collect-Bridging-Header.h */ = {isa = PBXFileReference; lastKnownFileType = sourcecode.c.h; path = "Photocard Collect-Bridging-Header.h"; sourceTree = "<group>"; };
		83EAD08C2A09B8FD00133660 /* Wrapper.mm */ = {isa = PBXFileReference; lastKnownFileType = sourcecode.cpp.objcpp; path = Wrapper.mm; sourceTree = "<group>"; };
		83EAD08E2A09B92700133660 /* Wrapper.h */ = {isa = PBXFileReference; explicitFileType = sourcecode.c.objc; path = Wrapper.h; sourceTree = "<group>"; };
		83EAD08F2A09BA6D00133660 /* PrefixHeader.pch */ = {isa = PBXFileReference; lastKnownFileType = sourcecode.c.h; path = PrefixHeader.pch; sourceTree = "<group>"; };
		83EAD0902A09BF2200133660 /* Wrapper.cpp */ = {isa = PBXFileReference; explicitFileType = sourcecode.cpp.objcpp; path = Wrapper.cpp; sourceTree = "<group>"; };
		83F1A76D2A0F1A1C00F5B4C6 /* ISOView.swift */ = {isa = PBXFileReference; lastKnownFileType = sourcecode.swift; path = ISOView.swift; sourceTree = "<group>"; };
/* End PBXFileReference section */

/* Begin PBXFrameworksBuildPhase section */
		8312642B29FEF980001C4B53 /* Frameworks */ = {
			isa = PBXFrameworksBuildPhase;
			buildActionMask = 2147483647;
			files = (
				83EAD08A2A09B89700133660 /* CoreFoundation.framework in Frameworks */,
				83EAD0882A09B87F00133660 /* CoreImage.framework in Frameworks */,
				83EAD0862A09B87300133660 /* CoreGraphics.framework in Frameworks */,
				83EAD0842A09B86700133660 /* CoreMedia.framework in Frameworks */,
				83EAD0822A09B85C00133660 /* Accelerate.framework in Frameworks */,
				83EAD0802A09B83100133660 /* opencv2.framework in Frameworks */,
			);
			runOnlyForDeploymentPostprocessing = 0;
		};
		8312643B29FEF982001C4B53 /* Frameworks */ = {
			isa = PBXFrameworksBuildPhase;
			buildActionMask = 2147483647;
			files = (
			);
			runOnlyForDeploymentPostprocessing = 0;
		};
		8312644529FEF983001C4B53 /* Frameworks */ = {
			isa = PBXFrameworksBuildPhase;
			buildActionMask = 2147483647;
			files = (
			);
			runOnlyForDeploymentPostprocessing = 0;
		};
/* End PBXFrameworksBuildPhase section */

/* Begin PBXGroup section */
		8312642529FEF980001C4B53 = {
			isa = PBXGroup;
			children = (
				83EAD0902A09BF2200133660 /* Wrapper.cpp */,
				83EAD08F2A09BA6D00133660 /* PrefixHeader.pch */,
				83EAD08E2A09B92700133660 /* Wrapper.h */,
				83EAD08C2A09B8FD00133660 /* Wrapper.mm */,
				8312643029FEF980001C4B53 /* Photocard Collect */,
				8312644129FEF983001C4B53 /* Photocard CollectTests */,
				8312644B29FEF983001C4B53 /* Photocard CollectUITests */,
				8312642F29FEF980001C4B53 /* Products */,
				83D8B1962A086241003307AE /* Frameworks */,
				83EAD08B2A09B8FC00133660 /* Photocard Collect-Bridging-Header.h */,
			);
			sourceTree = "<group>";
		};
		8312642F29FEF980001C4B53 /* Products */ = {
			isa = PBXGroup;
			children = (
				8312642E29FEF980001C4B53 /* Photocard Collect.app */,
				8312643E29FEF982001C4B53 /* Photocard CollectTests.xctest */,
				8312644829FEF983001C4B53 /* Photocard CollectUITests.xctest */,
			);
			name = Products;
			sourceTree = "<group>";
		};
		8312643029FEF980001C4B53 /* Photocard Collect */ = {
			isa = PBXGroup;
			children = (
				83E37C892A1ABA8B00D2E046 /* Photocard Collect.entitlements */,
				8312643129FEF980001C4B53 /* Photocard_CollectApp.swift */,
				8312643329FEF980001C4B53 /* ContentView.swift */,
				8312643529FEF982001C4B53 /* Assets.xcassets */,
				8312643729FEF982001C4B53 /* Preview Content */,
				8312645B29FEF995001C4B53 /* Photocard.swift */,
				8312645D29FEF9C5001C4B53 /* PhotocardView.swift */,
				8312645F29FEF9D4001C4B53 /* FolderList.swift */,
				8312646129FEFB5F001C4B53 /* Folder.swift */,
				8312646329FEFBCA001C4B53 /* FolderView.swift */,
				8390499D2A0742B9003CD366 /* UserData.swift */,
				839049A32A076284003CD366 /* FolderOrderingView.swift */,
				83F1A76D2A0F1A1C00F5B4C6 /* ISOView.swift */,
				83A14A712A19486F006AF7C4 /* AppLifecycleListener.swift */,
				83E37C842A1AA73F00D2E046 /* Constants.swift */,
			);
			path = "Photocard Collect";
			sourceTree = "<group>";
		};
		8312643729FEF982001C4B53 /* Preview Content */ = {
			isa = PBXGroup;
			children = (
				8312643829FEF982001C4B53 /* Preview Assets.xcassets */,
			);
			path = "Preview Content";
			sourceTree = "<group>";
		};
		8312644129FEF983001C4B53 /* Photocard CollectTests */ = {
			isa = PBXGroup;
			children = (
				8312644229FEF983001C4B53 /* Photocard_CollectTests.swift */,
			);
			path = "Photocard CollectTests";
			sourceTree = "<group>";
		};
		8312644B29FEF983001C4B53 /* Photocard CollectUITests */ = {
			isa = PBXGroup;
			children = (
				8312644C29FEF983001C4B53 /* Photocard_CollectUITests.swift */,
				8312644E29FEF983001C4B53 /* Photocard_CollectUITestsLaunchTests.swift */,
			);
			path = "Photocard CollectUITests";
			sourceTree = "<group>";
		};
		83D8B1962A086241003307AE /* Frameworks */ = {
			isa = PBXGroup;
			children = (
				83EAD07F2A09B83100133660 /* opencv2.framework */,
				83EAD0892A09B89700133660 /* CoreFoundation.framework */,
				83EAD0872A09B87F00133660 /* CoreImage.framework */,
				83EAD0852A09B87300133660 /* CoreGraphics.framework */,
				83EAD0832A09B86700133660 /* CoreMedia.framework */,
				83EAD0812A09B85C00133660 /* Accelerate.framework */,
			);
			name = Frameworks;
			sourceTree = "<group>";
		};
/* End PBXGroup section */

/* Begin PBXNativeTarget section */
		8312642D29FEF980001C4B53 /* Photocard Collect */ = {
			isa = PBXNativeTarget;
			buildConfigurationList = 8312645229FEF983001C4B53 /* Build configuration list for PBXNativeTarget "Photocard Collect" */;
			buildPhases = (
				8312642A29FEF980001C4B53 /* Sources */,
				8312642B29FEF980001C4B53 /* Frameworks */,
				8312642C29FEF980001C4B53 /* Resources */,
				839049B32A082A32003CD366 /* Embed Frameworks */,
			);
			buildRules = (
			);
			dependencies = (
			);
			name = "Photocard Collect";
			productName = "Photocard Collect";
			productReference = 8312642E29FEF980001C4B53 /* Photocard Collect.app */;
			productType = "com.apple.product-type.application";
		};
		8312643D29FEF982001C4B53 /* Photocard CollectTests */ = {
			isa = PBXNativeTarget;
			buildConfigurationList = 8312645529FEF983001C4B53 /* Build configuration list for PBXNativeTarget "Photocard CollectTests" */;
			buildPhases = (
				8312643A29FEF982001C4B53 /* Sources */,
				8312643B29FEF982001C4B53 /* Frameworks */,
				8312643C29FEF982001C4B53 /* Resources */,
			);
			buildRules = (
			);
			dependencies = (
				8312644029FEF982001C4B53 /* PBXTargetDependency */,
			);
			name = "Photocard CollectTests";
			productName = "Photocard CollectTests";
			productReference = 8312643E29FEF982001C4B53 /* Photocard CollectTests.xctest */;
			productType = "com.apple.product-type.bundle.unit-test";
		};
		8312644729FEF983001C4B53 /* Photocard CollectUITests */ = {
			isa = PBXNativeTarget;
			buildConfigurationList = 8312645829FEF983001C4B53 /* Build configuration list for PBXNativeTarget "Photocard CollectUITests" */;
			buildPhases = (
				8312644429FEF983001C4B53 /* Sources */,
				8312644529FEF983001C4B53 /* Frameworks */,
				8312644629FEF983001C4B53 /* Resources */,
			);
			buildRules = (
			);
			dependencies = (
				8312644A29FEF983001C4B53 /* PBXTargetDependency */,
			);
			name = "Photocard CollectUITests";
			productName = "Photocard CollectUITests";
			productReference = 8312644829FEF983001C4B53 /* Photocard CollectUITests.xctest */;
			productType = "com.apple.product-type.bundle.ui-testing";
		};
/* End PBXNativeTarget section */

/* Begin PBXProject section */
		8312642629FEF980001C4B53 /* Project object */ = {
			isa = PBXProject;
			attributes = {
				BuildIndependentTargetsInParallel = 1;
				LastSwiftUpdateCheck = 1430;
				LastUpgradeCheck = 1430;
				TargetAttributes = {
					8312642D29FEF980001C4B53 = {
						CreatedOnToolsVersion = 14.3;
						LastSwiftMigration = 1430;
					};
					8312643D29FEF982001C4B53 = {
						CreatedOnToolsVersion = 14.3;
						TestTargetID = 8312642D29FEF980001C4B53;
					};
					8312644729FEF983001C4B53 = {
						CreatedOnToolsVersion = 14.3;
						TestTargetID = 8312642D29FEF980001C4B53;
					};
				};
			};
			buildConfigurationList = 8312642929FEF980001C4B53 /* Build configuration list for PBXProject "Photocard Collect" */;
			compatibilityVersion = "Xcode 14.0";
			developmentRegion = en;
			hasScannedForEncodings = 0;
			knownRegions = (
				en,
				Base,
			);
			mainGroup = 8312642529FEF980001C4B53;
			productRefGroup = 8312642F29FEF980001C4B53 /* Products */;
			projectDirPath = "";
			projectRoot = "";
			targets = (
				8312642D29FEF980001C4B53 /* Photocard Collect */,
				8312643D29FEF982001C4B53 /* Photocard CollectTests */,
				8312644729FEF983001C4B53 /* Photocard CollectUITests */,
			);
		};
/* End PBXProject section */

/* Begin PBXResourcesBuildPhase section */
		8312642C29FEF980001C4B53 /* Resources */ = {
			isa = PBXResourcesBuildPhase;
			buildActionMask = 2147483647;
			files = (
				8312643929FEF982001C4B53 /* Preview Assets.xcassets in Resources */,
				8312643629FEF982001C4B53 /* Assets.xcassets in Resources */,
			);
			runOnlyForDeploymentPostprocessing = 0;
		};
		8312643C29FEF982001C4B53 /* Resources */ = {
			isa = PBXResourcesBuildPhase;
			buildActionMask = 2147483647;
			files = (
			);
			runOnlyForDeploymentPostprocessing = 0;
		};
		8312644629FEF983001C4B53 /* Resources */ = {
			isa = PBXResourcesBuildPhase;
			buildActionMask = 2147483647;
			files = (
			);
			runOnlyForDeploymentPostprocessing = 0;
		};
/* End PBXResourcesBuildPhase section */

/* Begin PBXSourcesBuildPhase section */
		8312642A29FEF980001C4B53 /* Sources */ = {
			isa = PBXSourcesBuildPhase;
			buildActionMask = 2147483647;
			files = (
				83A14A722A19486F006AF7C4 /* AppLifecycleListener.swift in Sources */,
				8312643429FEF980001C4B53 /* ContentView.swift in Sources */,
				8312646429FEFBCA001C4B53 /* FolderView.swift in Sources */,
				8390499E2A0742B9003CD366 /* UserData.swift in Sources */,
				8312646029FEF9D4001C4B53 /* FolderList.swift in Sources */,
				8312645E29FEF9C5001C4B53 /* PhotocardView.swift in Sources */,
				8312645C29FEF995001C4B53 /* Photocard.swift in Sources */,
				83F1A76E2A0F1A1D00F5B4C6 /* ISOView.swift in Sources */,
				8312643229FEF980001C4B53 /* Photocard_CollectApp.swift in Sources */,
				83EAD08D2A09B8FD00133660 /* Wrapper.mm in Sources */,
				83EAD0912A09BF2200133660 /* Wrapper.cpp in Sources */,
				83E37C852A1AA73F00D2E046 /* Constants.swift in Sources */,
				839049A42A076284003CD366 /* FolderOrderingView.swift in Sources */,
				8312646229FEFB5F001C4B53 /* Folder.swift in Sources */,
			);
			runOnlyForDeploymentPostprocessing = 0;
		};
		8312643A29FEF982001C4B53 /* Sources */ = {
			isa = PBXSourcesBuildPhase;
			buildActionMask = 2147483647;
			files = (
			);
			runOnlyForDeploymentPostprocessing = 0;
		};
		8312644429FEF983001C4B53 /* Sources */ = {
			isa = PBXSourcesBuildPhase;
			buildActionMask = 2147483647;
			files = (
				8312644F29FEF983001C4B53 /* Photocard_CollectUITestsLaunchTests.swift in Sources */,
				8312644D29FEF983001C4B53 /* Photocard_CollectUITests.swift in Sources */,
			);
			runOnlyForDeploymentPostprocessing = 0;
		};
/* End PBXSourcesBuildPhase section */

/* Begin PBXTargetDependency section */
		8312644029FEF982001C4B53 /* PBXTargetDependency */ = {
			isa = PBXTargetDependency;
			target = 8312642D29FEF980001C4B53 /* Photocard Collect */;
			targetProxy = 8312643F29FEF982001C4B53 /* PBXContainerItemProxy */;
		};
		8312644A29FEF983001C4B53 /* PBXTargetDependency */ = {
			isa = PBXTargetDependency;
			target = 8312642D29FEF980001C4B53 /* Photocard Collect */;
			targetProxy = 8312644929FEF983001C4B53 /* PBXContainerItemProxy */;
		};
/* End PBXTargetDependency section */

/* Begin XCBuildConfiguration section */
		8312645029FEF983001C4B53 /* Debug */ = {
			isa = XCBuildConfiguration;
			buildSettings = {
				ALWAYS_SEARCH_USER_PATHS = NO;
				CLANG_ANALYZER_NONNULL = YES;
				CLANG_ANALYZER_NUMBER_OBJECT_CONVERSION = YES_AGGRESSIVE;
				CLANG_CXX_LANGUAGE_STANDARD = "gnu++20";
				CLANG_ENABLE_MODULES = YES;
				CLANG_ENABLE_OBJC_ARC = YES;
				CLANG_ENABLE_OBJC_WEAK = YES;
				CLANG_WARN_BLOCK_CAPTURE_AUTORELEASING = YES;
				CLANG_WARN_BOOL_CONVERSION = YES;
				CLANG_WARN_COMMA = YES;
				CLANG_WARN_CONSTANT_CONVERSION = YES;
				CLANG_WARN_DEPRECATED_OBJC_IMPLEMENTATIONS = YES;
				CLANG_WARN_DIRECT_OBJC_ISA_USAGE = YES_ERROR;
				CLANG_WARN_DOCUMENTATION_COMMENTS = NO;
				CLANG_WARN_EMPTY_BODY = YES;
				CLANG_WARN_ENUM_CONVERSION = YES;
				CLANG_WARN_INFINITE_RECURSION = YES;
				CLANG_WARN_INT_CONVERSION = YES;
				CLANG_WARN_NON_LITERAL_NULL_CONVERSION = YES;
				CLANG_WARN_OBJC_IMPLICIT_RETAIN_SELF = YES;
				CLANG_WARN_OBJC_LITERAL_CONVERSION = YES;
				CLANG_WARN_OBJC_ROOT_CLASS = YES_ERROR;
				CLANG_WARN_QUOTED_INCLUDE_IN_FRAMEWORK_HEADER = NO;
				CLANG_WARN_RANGE_LOOP_ANALYSIS = YES;
				CLANG_WARN_STRICT_PROTOTYPES = YES;
				CLANG_WARN_SUSPICIOUS_MOVE = YES;
				CLANG_WARN_UNGUARDED_AVAILABILITY = YES_AGGRESSIVE;
				CLANG_WARN_UNREACHABLE_CODE = YES;
				CLANG_WARN__DUPLICATE_METHOD_MATCH = YES;
				COPY_PHASE_STRIP = NO;
				CURRENT_PROJECT_VERSION = "";
				"CURRENT_PROJECT_VERSION[sdk=*]" = "";
				DEBUG_INFORMATION_FORMAT = dwarf;
				ENABLE_STRICT_OBJC_MSGSEND = YES;
				ENABLE_TESTABILITY = YES;
				GCC_C_LANGUAGE_STANDARD = gnu11;
				GCC_DYNAMIC_NO_PIC = NO;
				GCC_NO_COMMON_BLOCKS = NO;
				GCC_OPTIMIZATION_LEVEL = 0;
				GCC_PREFIX_HEADER = "/Users/chris/Downloads/pccollect copy 2/Photocard Collect/PrefixHeader.pch";
				GCC_PREPROCESSOR_DEFINITIONS = (
					"DEBUG=1",
					"$(inherited)",
				);
				GCC_WARN_64_TO_32_BIT_CONVERSION = YES;
				GCC_WARN_ABOUT_RETURN_TYPE = YES_ERROR;
				GCC_WARN_UNDECLARED_SELECTOR = YES;
				GCC_WARN_UNINITIALIZED_AUTOS = YES_AGGRESSIVE;
				GCC_WARN_UNUSED_FUNCTION = YES;
				GCC_WARN_UNUSED_VARIABLE = YES;
				"INFOPLIST_FILE[sdk=*]" = "";
				INFOPLIST_KEY_UIRequiresFullScreen = YES;
				IPHONEOS_DEPLOYMENT_TARGET = 15.0;
				MARKETING_VERSION = 1.14;
				MTL_ENABLE_DEBUG_INFO = INCLUDE_SOURCE;
				MTL_FAST_MATH = YES;
				ONLY_ACTIVE_ARCH = YES;
				SDKROOT = iphoneos;
				SHARED_PRECOMPS_DIR = "";
				SWIFT_ACTIVE_COMPILATION_CONDITIONS = DEBUG;
				SWIFT_OBJC_BRIDGING_HEADER = "";
				SWIFT_OPTIMIZATION_LEVEL = "-Onone";
			};
			name = Debug;
		};
		8312645129FEF983001C4B53 /* Release */ = {
			isa = XCBuildConfiguration;
			buildSettings = {
				ALWAYS_SEARCH_USER_PATHS = NO;
				CLANG_ANALYZER_NONNULL = YES;
				CLANG_ANALYZER_NUMBER_OBJECT_CONVERSION = YES_AGGRESSIVE;
				CLANG_CXX_LANGUAGE_STANDARD = "gnu++20";
				CLANG_ENABLE_MODULES = YES;
				CLANG_ENABLE_OBJC_ARC = YES;
				CLANG_ENABLE_OBJC_WEAK = YES;
				CLANG_WARN_BLOCK_CAPTURE_AUTORELEASING = YES;
				CLANG_WARN_BOOL_CONVERSION = YES;
				CLANG_WARN_COMMA = YES;
				CLANG_WARN_CONSTANT_CONVERSION = YES;
				CLANG_WARN_DEPRECATED_OBJC_IMPLEMENTATIONS = YES;
				CLANG_WARN_DIRECT_OBJC_ISA_USAGE = YES_ERROR;
				CLANG_WARN_DOCUMENTATION_COMMENTS = NO;
				CLANG_WARN_EMPTY_BODY = YES;
				CLANG_WARN_ENUM_CONVERSION = YES;
				CLANG_WARN_INFINITE_RECURSION = YES;
				CLANG_WARN_INT_CONVERSION = YES;
				CLANG_WARN_NON_LITERAL_NULL_CONVERSION = YES;
				CLANG_WARN_OBJC_IMPLICIT_RETAIN_SELF = YES;
				CLANG_WARN_OBJC_LITERAL_CONVERSION = YES;
				CLANG_WARN_OBJC_ROOT_CLASS = YES_ERROR;
				CLANG_WARN_QUOTED_INCLUDE_IN_FRAMEWORK_HEADER = NO;
				CLANG_WARN_RANGE_LOOP_ANALYSIS = YES;
				CLANG_WARN_STRICT_PROTOTYPES = YES;
				CLANG_WARN_SUSPICIOUS_MOVE = YES;
				CLANG_WARN_UNGUARDED_AVAILABILITY = YES_AGGRESSIVE;
				CLANG_WARN_UNREACHABLE_CODE = YES;
				CLANG_WARN__DUPLICATE_METHOD_MATCH = YES;
				COPY_PHASE_STRIP = NO;
				CURRENT_PROJECT_VERSION = "";
				DEBUG_INFORMATION_FORMAT = "dwarf-with-dsym";
				ENABLE_NS_ASSERTIONS = NO;
				ENABLE_STRICT_OBJC_MSGSEND = YES;
				GCC_C_LANGUAGE_STANDARD = gnu11;
				GCC_NO_COMMON_BLOCKS = NO;
				GCC_PREFIX_HEADER = "/Users/chris/Downloads/pccollect copy 2/Photocard Collect/PrefixHeader.pch";
				GCC_WARN_64_TO_32_BIT_CONVERSION = YES;
				GCC_WARN_ABOUT_RETURN_TYPE = YES_ERROR;
				GCC_WARN_UNDECLARED_SELECTOR = YES;
				GCC_WARN_UNINITIALIZED_AUTOS = YES_AGGRESSIVE;
				GCC_WARN_UNUSED_FUNCTION = YES;
				GCC_WARN_UNUSED_VARIABLE = YES;
				"INFOPLIST_FILE[sdk=*]" = "";
				INFOPLIST_KEY_UIRequiresFullScreen = YES;
				IPHONEOS_DEPLOYMENT_TARGET = 15.0;
				MARKETING_VERSION = 1.14;
				MTL_ENABLE_DEBUG_INFO = NO;
				MTL_FAST_MATH = YES;
				SDKROOT = iphoneos;
				SHARED_PRECOMPS_DIR = "";
				SWIFT_COMPILATION_MODE = wholemodule;
				SWIFT_OBJC_BRIDGING_HEADER = "";
				SWIFT_OPTIMIZATION_LEVEL = "-O";
				VALIDATE_PRODUCT = YES;
			};
			name = Release;
		};
		8312645329FEF983001C4B53 /* Debug */ = {
			isa = XCBuildConfiguration;
			buildSettings = {
				ASSETCATALOG_COMPILER_APPICON_NAME = AppIcon;
				ASSETCATALOG_COMPILER_GLOBAL_ACCENT_COLOR_NAME = AccentColor;
				CLANG_ENABLE_MODULES = YES;
				CLANG_WARN_QUOTED_INCLUDE_IN_FRAMEWORK_HEADER = NO;
				CODE_SIGN_ENTITLEMENTS = "Photocard Collect/Photocard Collect.entitlements";
				CODE_SIGN_IDENTITY = "Apple Development";
				CODE_SIGN_STYLE = Automatic;
				CURRENT_PROJECT_VERSION = 1;
				DEVELOPMENT_ASSET_PATHS = "\"Photocard Collect/Preview Content\"";
				DEVELOPMENT_TEAM = F5983WM83D;
				ENABLE_PREVIEWS = YES;
				FRAMEWORK_SEARCH_PATHS = (
					"$(inherited)",
					"$(PROJECT_DIR)",
				);
				GCC_PREFIX_HEADER = "/Users/chris/Downloads/pccollect copy 2/Photocard Collect/PrefixHeader.pch";
				GENERATE_INFOPLIST_FILE = YES;
				INFOPLIST_KEY_CFBundleDisplayName = PCollect;
				INFOPLIST_KEY_UIApplicationSceneManifest_Generation = YES;
				INFOPLIST_KEY_UIApplicationSupportsIndirectInputEvents = YES;
				INFOPLIST_KEY_UILaunchScreen_Generation = YES;
				INFOPLIST_KEY_UIRequiresFullScreen = YES;
				INFOPLIST_KEY_UISupportedInterfaceOrientations = UIInterfaceOrientationPortrait;
				LD_RUNPATH_SEARCH_PATHS = (
					"$(inherited)",
					"@executable_path/Frameworks",
				);
				MARKETING_VERSION = 1.14;
				PRODUCT_BUNDLE_IDENTIFIER = com.tsproductions.pcollectauth;
				PRODUCT_NAME = "$(TARGET_NAME)";
				PROVISIONING_PROFILE_SPECIFIER = "";
				SHARED_PRECOMPS_DIR = "";
				SWIFT_EMIT_LOC_STRINGS = YES;
				SWIFT_OBJC_BRIDGING_HEADER = "Photocard Collect-Bridging-Header.h";
				SWIFT_OPTIMIZATION_LEVEL = "-Onone";
				SWIFT_VERSION = 5.0;
				TARGETED_DEVICE_FAMILY = "1,2";
			};
			name = Debug;
		};
		8312645429FEF983001C4B53 /* Release */ = {
			isa = XCBuildConfiguration;
			buildSettings = {
				ASSETCATALOG_COMPILER_APPICON_NAME = AppIcon;
				ASSETCATALOG_COMPILER_GLOBAL_ACCENT_COLOR_NAME = AccentColor;
				CLANG_ENABLE_MODULES = YES;
				CLANG_WARN_QUOTED_INCLUDE_IN_FRAMEWORK_HEADER = NO;
				CODE_SIGN_ENTITLEMENTS = "Photocard Collect/Photocard Collect.entitlements";
				CODE_SIGN_IDENTITY = "Apple Development";
				CODE_SIGN_STYLE = Automatic;
				CURRENT_PROJECT_VERSION = 1;
				DEVELOPMENT_ASSET_PATHS = "\"Photocard Collect/Preview Content\"";
				DEVELOPMENT_TEAM = F5983WM83D;
				ENABLE_PREVIEWS = YES;
				FRAMEWORK_SEARCH_PATHS = (
					"$(inherited)",
					"$(PROJECT_DIR)",
				);
				GCC_PREFIX_HEADER = "/Users/chris/Downloads/pccollect copy 2/Photocard Collect/PrefixHeader.pch";
				GENERATE_INFOPLIST_FILE = YES;
				INFOPLIST_KEY_CFBundleDisplayName = PCollect;
				INFOPLIST_KEY_UIApplicationSceneManifest_Generation = YES;
				INFOPLIST_KEY_UIApplicationSupportsIndirectInputEvents = YES;
				INFOPLIST_KEY_UILaunchScreen_Generation = YES;
				INFOPLIST_KEY_UIRequiresFullScreen = YES;
				INFOPLIST_KEY_UISupportedInterfaceOrientations = UIInterfaceOrientationPortrait;
				LD_RUNPATH_SEARCH_PATHS = (
					"$(inherited)",
					"@executable_path/Frameworks",
				);
				MARKETING_VERSION = 1.14;
				PRODUCT_BUNDLE_IDENTIFIER = com.tsproductions.pcollectauth;
				PRODUCT_NAME = "$(TARGET_NAME)";
				PROVISIONING_PROFILE_SPECIFIER = "";
				SHARED_PRECOMPS_DIR = "";
				SWIFT_EMIT_LOC_STRINGS = YES;
				SWIFT_OBJC_BRIDGING_HEADER = "Photocard Collect-Bridging-Header.h";
				SWIFT_VERSION = 5.0;
				TARGETED_DEVICE_FAMILY = "1,2";
			};
			name = Release;
		};
		8312645629FEF983001C4B53 /* Debug */ = {
			isa = XCBuildConfiguration;
			buildSettings = {
				ALWAYS_EMBED_SWIFT_STANDARD_LIBRARIES = YES;
				BUNDLE_LOADER = "$(TEST_HOST)";
				CODE_SIGN_STYLE = Automatic;
				CURRENT_PROJECT_VERSION = 1;
				DEVELOPMENT_TEAM = F5983WM83D;
				GENERATE_INFOPLIST_FILE = YES;
				IPHONEOS_DEPLOYMENT_TARGET = 14.0;
				MARKETING_VERSION = 1.0;
				PRODUCT_BUNDLE_IDENTIFIER = "com.tsproductions.Photocard-CollectTests";
				PRODUCT_NAME = "$(TARGET_NAME)";
				SWIFT_EMIT_LOC_STRINGS = NO;
				SWIFT_VERSION = 5.0;
				TARGETED_DEVICE_FAMILY = "1,2";
				TEST_HOST = "$(BUILT_PRODUCTS_DIR)/Photocard Collect.app/$(BUNDLE_EXECUTABLE_FOLDER_PATH)/Photocard Collect";
			};
			name = Debug;
		};
		8312645729FEF983001C4B53 /* Release */ = {
			isa = XCBuildConfiguration;
			buildSettings = {
				ALWAYS_EMBED_SWIFT_STANDARD_LIBRARIES = YES;
				BUNDLE_LOADER = "$(TEST_HOST)";
				CODE_SIGN_STYLE = Automatic;
				CURRENT_PROJECT_VERSION = 1;
				DEVELOPMENT_TEAM = F5983WM83D;
				GENERATE_INFOPLIST_FILE = YES;
				IPHONEOS_DEPLOYMENT_TARGET = 14.0;
				MARKETING_VERSION = 1.0;
				PRODUCT_BUNDLE_IDENTIFIER = "com.tsproductions.Photocard-CollectTests";
				PRODUCT_NAME = "$(TARGET_NAME)";
				SWIFT_EMIT_LOC_STRINGS = NO;
				SWIFT_VERSION = 5.0;
				TARGETED_DEVICE_FAMILY = "1,2";
				TEST_HOST = "$(BUILT_PRODUCTS_DIR)/Photocard Collect.app/$(BUNDLE_EXECUTABLE_FOLDER_PATH)/Photocard Collect";
			};
			name = Release;
		};
		8312645929FEF983001C4B53 /* Debug */ = {
			isa = XCBuildConfiguration;
			buildSettings = {
				ALWAYS_EMBED_SWIFT_STANDARD_LIBRARIES = YES;
				CODE_SIGN_STYLE = Automatic;
				CURRENT_PROJECT_VERSION = 1;
				DEVELOPMENT_TEAM = F5983WM83D;
				GENERATE_INFOPLIST_FILE = YES;
				MARKETING_VERSION = 1.0;
				PRODUCT_BUNDLE_IDENTIFIER = "com.tsproductions.Photocard-CollectUITests";
				PRODUCT_NAME = "$(TARGET_NAME)";
				SWIFT_EMIT_LOC_STRINGS = NO;
				SWIFT_VERSION = 5.0;
				TARGETED_DEVICE_FAMILY = "1,2";
				TEST_TARGET_NAME = "Photocard Collect";
			};
			name = Debug;
		};
		8312645A29FEF983001C4B53 /* Release */ = {
			isa = XCBuildConfiguration;
			buildSettings = {
				ALWAYS_EMBED_SWIFT_STANDARD_LIBRARIES = YES;
				CODE_SIGN_STYLE = Automatic;
				CURRENT_PROJECT_VERSION = 1;
				DEVELOPMENT_TEAM = F5983WM83D;
				GENERATE_INFOPLIST_FILE = YES;
				MARKETING_VERSION = 1.0;
				PRODUCT_BUNDLE_IDENTIFIER = "com.tsproductions.Photocard-CollectUITests";
				PRODUCT_NAME = "$(TARGET_NAME)";
				SWIFT_EMIT_LOC_STRINGS = NO;
				SWIFT_VERSION = 5.0;
				TARGETED_DEVICE_FAMILY = "1,2";
				TEST_TARGET_NAME = "Photocard Collect";
			};
			name = Release;
		};
/* End XCBuildConfiguration section */

/* Begin XCConfigurationList section */
		8312642929FEF980001C4B53 /* Build configuration list for PBXProject "Photocard Collect" */ = {
			isa = XCConfigurationList;
			buildConfigurations = (
				8312645029FEF983001C4B53 /* Debug */,
				8312645129FEF983001C4B53 /* Release */,
			);
			defaultConfigurationIsVisible = 0;
			defaultConfigurationName = Release;
		};
		8312645229FEF983001C4B53 /* Build configuration list for PBXNativeTarget "Photocard Collect" */ = {
			isa = XCConfigurationList;
			buildConfigurations = (
				8312645329FEF983001C4B53 /* Debug */,
				8312645429FEF983001C4B53 /* Release */,
			);
			defaultConfigurationIsVisible = 0;
			defaultConfigurationName = Release;
		};
		8312645529FEF983001C4B53 /* Build configuration list for PBXNativeTarget "Photocard CollectTests" */ = {
			isa = XCConfigurationList;
			buildConfigurations = (
				8312645629FEF983001C4B53 /* Debug */,
				8312645729FEF983001C4B53 /* Release */,
			);
			defaultConfigurationIsVisible = 0;
			defaultConfigurationName = Release;
		};
		8312645829FEF983001C4B53 /* Build configuration list for PBXNativeTarget "Photocard CollectUITests" */ = {
			isa = XCConfigurationList;
			buildConfigurations = (
				8312645929FEF983001C4B53 /* Debug */,
				8312645A29FEF983001C4B53 /* Release */,
			);
			defaultConfigurationIsVisible = 0;
			defaultConfigurationName = Release;
		};
/* End XCConfigurationList section */
	};
	rootObject = 8312642629FEF980001C4B53 /* Project object */;
}
